
Microsoft Visual Studio Solution File, Format Version 12.00
# Visual Studio Version 17
VisualStudioVersion = 17.8.34330.188
MinimumVisualStudioVersion = 10.0.40219.1
Project("{FAE04EC0-301F-11D3-BF4B-00C04F79EFBC}") = "WebApplication1", "WebApplication1.csproj", "{B17BAF26-3201-4CEC-B50C-66D1DBE8E651}"
EndProject
Global
	GlobalSection(SolutionConfigurationPlatforms) = preSolution
		Debug|Any CPU = Debug|Any CPU
		Release|Any CPU = Release|Any CPU
	EndGlobalSection
	GlobalSection(ProjectConfigurationPlatforms) = postSolution
		{B17BAF26-3201-4CEC-B50C-66D1DBE8E651}.Debug|Any CPU.ActiveCfg = Debug|Any CPU
		{B17BAF26-3201-4CEC-B50C-66D1DBE8E651}.Debug|Any CPU.Build.0 = Debug|Any CPU
		{B17BAF26-3201-4CEC-B50C-66D1DBE8E651}.Release|Any CPU.ActiveCfg = Release|Any CPU
		{B17BAF26-3201-4CEC-B50C-66D1DBE8E651}.Release|Any CPU.Build.0 = Release|Any CPU
	EndGlobalSection
	GlobalSection(SolutionProperties) = preSolution
		HideSolutionNode = FALSE
	EndGlobalSection
	GlobalSection(ExtensibilityGlobals) = postSolution
		SolutionGuid = {A31AB293-C4E5-4C93-A053-F7F3E7099060}
	EndGlobalSection
EndGlobal
